// !$*UTF8*$!
{
	archiveVersion = 1;
	classes = {
	};
	objectVersion = 56;
	objects = {

/* Begin PBXBuildFile section */
		071312542B4870EA009246F6 /* AnimationVC.swift in Sources */ = {isa = PBXBuildFile; fileRef = 071312532B4870EA009246F6 /* AnimationVC.swift */; };
		071312572B488F17009246F6 /* Service.swift in Sources */ = {isa = PBXBuildFile; fileRef = 071312562B488F17009246F6 /* Service.swift */; };
		071312592B488F33009246F6 /* Calculator.swift in Sources */ = {isa = PBXBuildFile; fileRef = 071312582B488F33009246F6 /* Calculator.swift */; };
		0713125F2B4891E0009246F6 /* GConstants+Animations.swift in Sources */ = {isa = PBXBuildFile; fileRef = 0713125E2B4891E0009246F6 /* GConstants+Animations.swift */; };
		071312612B4891F7009246F6 /* GConstnats+HIG.swift in Sources */ = {isa = PBXBuildFile; fileRef = 071312602B4891F7009246F6 /* GConstnats+HIG.swift */; };
		07366A592B47004300A749E9 /* Fonts.swift in Sources */ = {isa = PBXBuildFile; fileRef = 07366A582B47004300A749E9 /* Fonts.swift */; };
		07366A5C2B47015A00A749E9 /* SplashAnimationView.swift in Sources */ = {isa = PBXBuildFile; fileRef = 07366A5B2B47015A00A749E9 /* SplashAnimationView.swift */; };
		07366A5D2B4711C900A749E9 /* Odachi.otf in Resources */ = {isa = PBXBuildFile; fileRef = 07366A572B46FFC100A749E9 /* Odachi.otf */; };
		07366A5F2B47175200A749E9 /* GConstants.swift in Sources */ = {isa = PBXBuildFile; fileRef = 07366A5E2B47175200A749E9 /* GConstants.swift */; };
		07583DC42B4D559800A9F968 /* BasicAnimationsViewComponents.swift in Sources */ = {isa = PBXBuildFile; fileRef = 07583DC32B4D559800A9F968 /* BasicAnimationsViewComponents.swift */; };
		07583DC72B4D564C00A9F968 /* AnimationTableViewCell.swift in Sources */ = {isa = PBXBuildFile; fileRef = 07583DC62B4D564C00A9F968 /* AnimationTableViewCell.swift */; };
		07583DCA2B4D589500A9F968 /* BasicAnimationsVC+TableView.swift in Sources */ = {isa = PBXBuildFile; fileRef = 07583DC92B4D589500A9F968 /* BasicAnimationsVC+TableView.swift */; };
		07583DCE2B4D614800A9F968 /* AnimationView.swift in Sources */ = {isa = PBXBuildFile; fileRef = 07583DCD2B4D614800A9F968 /* AnimationView.swift */; };
		07583DD52B4D688000A9F968 /* SquareHero.swift in Sources */ = {isa = PBXBuildFile; fileRef = 07583DD42B4D688000A9F968 /* SquareHero.swift */; };
		07583DD72B4D821200A9F968 /* UIStyle.swift in Sources */ = {isa = PBXBuildFile; fileRef = 07583DD62B4D821200A9F968 /* UIStyle.swift */; };
		0768C7A52B4C312400AD0120 /* MyNavigationController.swift in Sources */ = {isa = PBXBuildFile; fileRef = 0768C7A42B4C312400AD0120 /* MyNavigationController.swift */; };
		0768C7A92B4C343D00AD0120 /* MyNavigationController+Style.swift in Sources */ = {isa = PBXBuildFile; fileRef = 0768C7A82B4C343D00AD0120 /* MyNavigationController+Style.swift */; };
		0768C7AB2B4C349C00AD0120 /* MyNavigationController+Presence.swift in Sources */ = {isa = PBXBuildFile; fileRef = 0768C7AA2B4C349C00AD0120 /* MyNavigationController+Presence.swift */; };
		079599A92B52EAD7008BEF20 /* BAVMultipleSequences.swift in Sources */ = {isa = PBXBuildFile; fileRef = 079599A82B52EAD7008BEF20 /* BAVMultipleSequences.swift */; };
		079599AC2B52F348008BEF20 /* BAVMultipleSequences+AnimatePosition.swift in Sources */ = {isa = PBXBuildFile; fileRef = 079599AB2B52F348008BEF20 /* BAVMultipleSequences+AnimatePosition.swift */; };
		079599AE2B52F36B008BEF20 /* BAVMultipleSequences+AnimateAlpha.swift in Sources */ = {isa = PBXBuildFile; fileRef = 079599AD2B52F36B008BEF20 /* BAVMultipleSequences+AnimateAlpha.swift */; };
		079599B02B53033D008BEF20 /* BAVMultipleSequences+AnimateSize.swift in Sources */ = {isa = PBXBuildFile; fileRef = 079599AF2B53033C008BEF20 /* BAVMultipleSequences+AnimateSize.swift */; };
		079599B22B5303F3008BEF20 /* BAVMultipleSequences+AnimateRotation.swift in Sources */ = {isa = PBXBuildFile; fileRef = 079599B12B5303F3008BEF20 /* BAVMultipleSequences+AnimateRotation.swift */; };
		079599B42B5308E6008BEF20 /* BAVMultipleSequences+AnimateColor.swift in Sources */ = {isa = PBXBuildFile; fileRef = 079599B32B5308E6008BEF20 /* BAVMultipleSequences+AnimateColor.swift */; };
		079599B62B530A52008BEF20 /* BAVMultipleSequences+AnimateCombined1.swift in Sources */ = {isa = PBXBuildFile; fileRef = 079599B52B530A52008BEF20 /* BAVMultipleSequences+AnimateCombined1.swift */; };
		07A7F5322B51B54E00F721ED /* BasicAnimationView.swift in Sources */ = {isa = PBXBuildFile; fileRef = 07A7F5312B51B54E00F721ED /* BasicAnimationView.swift */; };
		07A7F5342B51D47900F721ED /* BAVSingleSequence.swift in Sources */ = {isa = PBXBuildFile; fileRef = 07A7F5332B51D47900F721ED /* BAVSingleSequence.swift */; };
		07B440532B40A5EE00F37D85 /* BasicAnimationsVC.swift in Sources */ = {isa = PBXBuildFile; fileRef = 07B440522B40A5EE00F37D85 /* BasicAnimationsVC.swift */; };
		07B440572B40AA6F00F37D85 /* AppCoordinator+NavbarStyle.swift in Sources */ = {isa = PBXBuildFile; fileRef = 07B440562B40AA6F00F37D85 /* AppCoordinator+NavbarStyle.swift */; };
		07B440592B40AA9600F37D85 /* AppCoordinator+Navigation.swift in Sources */ = {isa = PBXBuildFile; fileRef = 07B440582B40AA9600F37D85 /* AppCoordinator+Navigation.swift */; };
		07E58B6B2B3DA9D10041BEF3 /* AppDelegate.swift in Sources */ = {isa = PBXBuildFile; fileRef = 07E58B6A2B3DA9D10041BEF3 /* AppDelegate.swift */; };
		07E58B6D2B3DA9D10041BEF3 /* SceneDelegate.swift in Sources */ = {isa = PBXBuildFile; fileRef = 07E58B6C2B3DA9D10041BEF3 /* SceneDelegate.swift */; };
		07E58B6F2B3DA9D10041BEF3 /* RootViewController.swift in Sources */ = {isa = PBXBuildFile; fileRef = 07E58B6E2B3DA9D10041BEF3 /* RootViewController.swift */; };
		07E58B742B3DA9D50041BEF3 /* Assets.xcassets in Resources */ = {isa = PBXBuildFile; fileRef = 07E58B732B3DA9D50041BEF3 /* Assets.xcassets */; };
		07E58B772B3DA9D50041BEF3 /* LaunchScreen.storyboard in Resources */ = {isa = PBXBuildFile; fileRef = 07E58B752B3DA9D50041BEF3 /* LaunchScreen.storyboard */; };
		07E58B842B3DB3C80041BEF3 /* RootViewController+TableView.swift in Sources */ = {isa = PBXBuildFile; fileRef = 07E58B832B3DB3C80041BEF3 /* RootViewController+TableView.swift */; };
		07E58B862B3DB4710041BEF3 /* AppCoordinator.swift in Sources */ = {isa = PBXBuildFile; fileRef = 07E58B852B3DB4710041BEF3 /* AppCoordinator.swift */; };
		07E58B8A2B3DB69C0041BEF3 /* RootVCTableViewCells.swift in Sources */ = {isa = PBXBuildFile; fileRef = 07E58B892B3DB69C0041BEF3 /* RootVCTableViewCells.swift */; };
		07E58B8D2B3DB9AF0041BEF3 /* RootVCViewComponents.swift in Sources */ = {isa = PBXBuildFile; fileRef = 07E58B8C2B3DB9AF0041BEF3 /* RootVCViewComponents.swift */; };
		07E58B902B3DBA5A0041BEF3 /* BaseViewComponents.swift in Sources */ = {isa = PBXBuildFile; fileRef = 07E58B8F2B3DBA5A0041BEF3 /* BaseViewComponents.swift */; };
/* End PBXBuildFile section */

/* Begin PBXFileReference section */
		071312532B4870EA009246F6 /* AnimationVC.swift */ = {isa = PBXFileReference; lastKnownFileType = sourcecode.swift; path = AnimationVC.swift; sourceTree = "<group>"; };
		071312562B488F17009246F6 /* Service.swift */ = {isa = PBXFileReference; lastKnownFileType = sourcecode.swift; path = Service.swift; sourceTree = "<group>"; };
		071312582B488F33009246F6 /* Calculator.swift */ = {isa = PBXFileReference; lastKnownFileType = sourcecode.swift; path = Calculator.swift; sourceTree = "<group>"; };
		0713125E2B4891E0009246F6 /* GConstants+Animations.swift */ = {isa = PBXFileReference; lastKnownFileType = sourcecode.swift; path = "GConstants+Animations.swift"; sourceTree = "<group>"; };
		071312602B4891F7009246F6 /* GConstnats+HIG.swift */ = {isa = PBXFileReference; lastKnownFileType = sourcecode.swift; path = "GConstnats+HIG.swift"; sourceTree = "<group>"; };
		07366A572B46FFC100A749E9 /* Odachi.otf */ = {isa = PBXFileReference; lastKnownFileType = file; name = Odachi.otf; path = ../../../../../../../Desktop/Design/Fonts/Odachi/Odachi.otf; sourceTree = "<group>"; };
		07366A582B47004300A749E9 /* Fonts.swift */ = {isa = PBXFileReference; lastKnownFileType = sourcecode.swift; path = Fonts.swift; sourceTree = "<group>"; };
		07366A5B2B47015A00A749E9 /* SplashAnimationView.swift */ = {isa = PBXFileReference; lastKnownFileType = sourcecode.swift; path = SplashAnimationView.swift; sourceTree = "<group>"; };
		07366A5E2B47175200A749E9 /* GConstants.swift */ = {isa = PBXFileReference; lastKnownFileType = sourcecode.swift; path = GConstants.swift; sourceTree = "<group>"; };
		07583DC32B4D559800A9F968 /* BasicAnimationsViewComponents.swift */ = {isa = PBXFileReference; lastKnownFileType = sourcecode.swift; path = BasicAnimationsViewComponents.swift; sourceTree = "<group>"; };
		07583DC62B4D564C00A9F968 /* AnimationTableViewCell.swift */ = {isa = PBXFileReference; lastKnownFileType = sourcecode.swift; path = AnimationTableViewCell.swift; sourceTree = "<group>"; };
		07583DC92B4D589500A9F968 /* BasicAnimationsVC+TableView.swift */ = {isa = PBXFileReference; lastKnownFileType = sourcecode.swift; path = "BasicAnimationsVC+TableView.swift"; sourceTree = "<group>"; };
		07583DCD2B4D614800A9F968 /* AnimationView.swift */ = {isa = PBXFileReference; lastKnownFileType = sourcecode.swift; path = AnimationView.swift; sourceTree = "<group>"; };
		07583DD42B4D688000A9F968 /* SquareHero.swift */ = {isa = PBXFileReference; lastKnownFileType = sourcecode.swift; path = SquareHero.swift; sourceTree = "<group>"; };
		07583DD62B4D821200A9F968 /* UIStyle.swift */ = {isa = PBXFileReference; lastKnownFileType = sourcecode.swift; path = UIStyle.swift; sourceTree = "<group>"; };
		0768C7A42B4C312400AD0120 /* MyNavigationController.swift */ = {isa = PBXFileReference; lastKnownFileType = sourcecode.swift; path = MyNavigationController.swift; sourceTree = "<group>"; };
		0768C7A82B4C343D00AD0120 /* MyNavigationController+Style.swift */ = {isa = PBXFileReference; lastKnownFileType = sourcecode.swift; path = "MyNavigationController+Style.swift"; sourceTree = "<group>"; };
		0768C7AA2B4C349C00AD0120 /* MyNavigationController+Presence.swift */ = {isa = PBXFileReference; lastKnownFileType = sourcecode.swift; path = "MyNavigationController+Presence.swift"; sourceTree = "<group>"; };
		079599A82B52EAD7008BEF20 /* BAVMultipleSequences.swift */ = {isa = PBXFileReference; lastKnownFileType = sourcecode.swift; path = BAVMultipleSequences.swift; sourceTree = "<group>"; };
		079599AB2B52F348008BEF20 /* BAVMultipleSequences+AnimatePosition.swift */ = {isa = PBXFileReference; lastKnownFileType = sourcecode.swift; path = "BAVMultipleSequences+AnimatePosition.swift"; sourceTree = "<group>"; };
		079599AD2B52F36B008BEF20 /* BAVMultipleSequences+AnimateAlpha.swift */ = {isa = PBXFileReference; lastKnownFileType = sourcecode.swift; path = "BAVMultipleSequences+AnimateAlpha.swift"; sourceTree = "<group>"; };
		079599AF2B53033C008BEF20 /* BAVMultipleSequences+AnimateSize.swift */ = {isa = PBXFileReference; lastKnownFileType = sourcecode.swift; path = "BAVMultipleSequences+AnimateSize.swift"; sourceTree = "<group>"; };
		079599B12B5303F3008BEF20 /* BAVMultipleSequences+AnimateRotation.swift */ = {isa = PBXFileReference; lastKnownFileType = sourcecode.swift; path = "BAVMultipleSequences+AnimateRotation.swift"; sourceTree = "<group>"; };
		079599B32B5308E6008BEF20 /* BAVMultipleSequences+AnimateColor.swift */ = {isa = PBXFileReference; lastKnownFileType = sourcecode.swift; path = "BAVMultipleSequences+AnimateColor.swift"; sourceTree = "<group>"; };
		079599B52B530A52008BEF20 /* BAVMultipleSequences+AnimateCombined1.swift */ = {isa = PBXFileReference; lastKnownFileType = sourcecode.swift; path = "BAVMultipleSequences+AnimateCombined1.swift"; sourceTree = "<group>"; };
		07A7F5312B51B54E00F721ED /* BasicAnimationView.swift */ = {isa = PBXFileReference; lastKnownFileType = sourcecode.swift; path = BasicAnimationView.swift; sourceTree = "<group>"; };
		07A7F5332B51D47900F721ED /* BAVSingleSequence.swift */ = {isa = PBXFileReference; lastKnownFileType = sourcecode.swift; path = BAVSingleSequence.swift; sourceTree = "<group>"; };
		07B440522B40A5EE00F37D85 /* BasicAnimationsVC.swift */ = {isa = PBXFileReference; lastKnownFileType = sourcecode.swift; path = BasicAnimationsVC.swift; sourceTree = "<group>"; };
		07B440562B40AA6F00F37D85 /* AppCoordinator+NavbarStyle.swift */ = {isa = PBXFileReference; lastKnownFileType = sourcecode.swift; path = "AppCoordinator+NavbarStyle.swift"; sourceTree = "<group>"; };
		07B440582B40AA9600F37D85 /* AppCoordinator+Navigation.swift */ = {isa = PBXFileReference; lastKnownFileType = sourcecode.swift; path = "AppCoordinator+Navigation.swift"; sourceTree = "<group>"; };
		07E58B672B3DA9D10041BEF3 /* Animation Examples.app */ = {isa = PBXFileReference; explicitFileType = wrapper.application; includeInIndex = 0; path = "Animation Examples.app"; sourceTree = BUILT_PRODUCTS_DIR; };
		07E58B6A2B3DA9D10041BEF3 /* AppDelegate.swift */ = {isa = PBXFileReference; lastKnownFileType = sourcecode.swift; path = AppDelegate.swift; sourceTree = "<group>"; };
		07E58B6C2B3DA9D10041BEF3 /* SceneDelegate.swift */ = {isa = PBXFileReference; lastKnownFileType = sourcecode.swift; path = SceneDelegate.swift; sourceTree = "<group>"; };
		07E58B6E2B3DA9D10041BEF3 /* RootViewController.swift */ = {isa = PBXFileReference; lastKnownFileType = sourcecode.swift; path = RootViewController.swift; sourceTree = "<group>"; };
		07E58B732B3DA9D50041BEF3 /* Assets.xcassets */ = {isa = PBXFileReference; lastKnownFileType = folder.assetcatalog; path = Assets.xcassets; sourceTree = "<group>"; };
		07E58B762B3DA9D50041BEF3 /* Base */ = {isa = PBXFileReference; lastKnownFileType = file.storyboard; name = Base; path = Base.lproj/LaunchScreen.storyboard; sourceTree = "<group>"; };
		07E58B782B3DA9D50041BEF3 /* Info.plist */ = {isa = PBXFileReference; lastKnownFileType = text.plist.xml; path = Info.plist; sourceTree = "<group>"; };
		07E58B832B3DB3C80041BEF3 /* RootViewController+TableView.swift */ = {isa = PBXFileReference; lastKnownFileType = sourcecode.swift; path = "RootViewController+TableView.swift"; sourceTree = "<group>"; };
		07E58B852B3DB4710041BEF3 /* AppCoordinator.swift */ = {isa = PBXFileReference; lastKnownFileType = sourcecode.swift; path = AppCoordinator.swift; sourceTree = "<group>"; };
		07E58B892B3DB69C0041BEF3 /* RootVCTableViewCells.swift */ = {isa = PBXFileReference; lastKnownFileType = sourcecode.swift; path = RootVCTableViewCells.swift; sourceTree = "<group>"; };
		07E58B8C2B3DB9AF0041BEF3 /* RootVCViewComponents.swift */ = {isa = PBXFileReference; lastKnownFileType = sourcecode.swift; path = RootVCViewComponents.swift; sourceTree = "<group>"; };
		07E58B8F2B3DBA5A0041BEF3 /* BaseViewComponents.swift */ = {isa = PBXFileReference; lastKnownFileType = sourcecode.swift; path = BaseViewComponents.swift; sourceTree = "<group>"; };
/* End PBXFileReference section */

/* Begin PBXFrameworksBuildPhase section */
		07E58B642B3DA9D10041BEF3 /* Frameworks */ = {
			isa = PBXFrameworksBuildPhase;
			buildActionMask = 2147483647;
			files = (
			);
			runOnlyForDeploymentPostprocessing = 0;
		};
/* End PBXFrameworksBuildPhase section */

/* Begin PBXGroup section */
		071312522B4870CD009246F6 /* Model */ = {
			isa = PBXGroup;
			children = (
				071312532B4870EA009246F6 /* AnimationVC.swift */,
				07583DCF2B4D625300A9F968 /* Protocols */,
				07583DD42B4D688000A9F968 /* SquareHero.swift */,
			);
			path = Model;
			sourceTree = "<group>";
		};
		071312552B488F06009246F6 /* Service */ = {
			isa = PBXGroup;
			children = (
				071312562B488F17009246F6 /* Service.swift */,
				071312582B488F33009246F6 /* Calculator.swift */,
			);
			path = Service;
			sourceTree = "<group>";
		};
		0713125A2B4891A1009246F6 /* Global Constants */ = {
			isa = PBXGroup;
			children = (
				07366A5E2B47175200A749E9 /* GConstants.swift */,
				0713125C2B4891BD009246F6 /* Extensions */,
			);
			path = "Global Constants";
			sourceTree = "<group>";
		};
		0713125C2B4891BD009246F6 /* Extensions */ = {
			isa = PBXGroup;
			children = (
				071312602B4891F7009246F6 /* GConstnats+HIG.swift */,
				0713125E2B4891E0009246F6 /* GConstants+Animations.swift */,
			);
			path = Extensions;
			sourceTree = "<group>";
		};
		07366A542B46FFA700A749E9 /* Utils */ = {
			isa = PBXGroup;
			children = (
				0713125A2B4891A1009246F6 /* Global Constants */,
				07366A552B46FFB100A749E9 /* Fonts */,
			);
			path = Utils;
			sourceTree = "<group>";
		};
		07366A552B46FFB100A749E9 /* Fonts */ = {
			isa = PBXGroup;
			children = (
				07366A582B47004300A749E9 /* Fonts.swift */,
				07366A562B46FFB600A749E9 /* Odachi */,
			);
			path = Fonts;
			sourceTree = "<group>";
		};
		07366A562B46FFB600A749E9 /* Odachi */ = {
			isa = PBXGroup;
			children = (
				07366A572B46FFC100A749E9 /* Odachi.otf */,
			);
			path = Odachi;
			sourceTree = "<group>";
		};
		07583DC22B4D557A00A9F968 /* ViewComponents */ = {
			isa = PBXGroup;
			children = (
				07583DC32B4D559800A9F968 /* BasicAnimationsViewComponents.swift */,
			);
			path = ViewComponents;
			sourceTree = "<group>";
		};
		07583DC82B4D588600A9F968 /* Extensions */ = {
			isa = PBXGroup;
			children = (
				07583DC92B4D589500A9F968 /* BasicAnimationsVC+TableView.swift */,
			);
			path = Extensions;
			sourceTree = "<group>";
		};
		07583DCF2B4D625300A9F968 /* Protocols */ = {
			isa = PBXGroup;
			children = (
				07E58B8F2B3DBA5A0041BEF3 /* BaseViewComponents.swift */,
				07583DCD2B4D614800A9F968 /* AnimationView.swift */,
				07583DD62B4D821200A9F968 /* UIStyle.swift */,
			);
			path = Protocols;
			sourceTree = "<group>";
		};
		07583DD02B4D64FE00A9F968 /* AnimationViews */ = {
			isa = PBXGroup;
			children = (
				07A7F5312B51B54E00F721ED /* BasicAnimationView.swift */,
				07A7F5332B51D47900F721ED /* BAVSingleSequence.swift */,
				079599AA2B52F32A008BEF20 /* BAVMultipleSequence */,
			);
			path = AnimationViews;
			sourceTree = "<group>";
		};
		0768C7A62B4C33D500AD0120 /* MyNavigationController */ = {
			isa = PBXGroup;
			children = (
				0768C7A42B4C312400AD0120 /* MyNavigationController.swift */,
				0768C7A72B4C342B00AD0120 /* Extensions */,
			);
			path = MyNavigationController;
			sourceTree = "<group>";
		};
		0768C7A72B4C342B00AD0120 /* Extensions */ = {
			isa = PBXGroup;
			children = (
				0768C7A82B4C343D00AD0120 /* MyNavigationController+Style.swift */,
				0768C7AA2B4C349C00AD0120 /* MyNavigationController+Presence.swift */,
			);
			path = Extensions;
			sourceTree = "<group>";
		};
		079599AA2B52F32A008BEF20 /* BAVMultipleSequence */ = {
			isa = PBXGroup;
			children = (
				079599A82B52EAD7008BEF20 /* BAVMultipleSequences.swift */,
				079599B52B530A52008BEF20 /* BAVMultipleSequences+AnimateCombined1.swift */,
				079599B32B5308E6008BEF20 /* BAVMultipleSequences+AnimateColor.swift */,
				079599B12B5303F3008BEF20 /* BAVMultipleSequences+AnimateRotation.swift */,
				079599AF2B53033C008BEF20 /* BAVMultipleSequences+AnimateSize.swift */,
				079599AD2B52F36B008BEF20 /* BAVMultipleSequences+AnimateAlpha.swift */,
				079599AB2B52F348008BEF20 /* BAVMultipleSequences+AnimatePosition.swift */,
			);
			path = BAVMultipleSequence;
			sourceTree = "<group>";
		};
		07B440512B40A5DB00F37D85 /* BasicAnimations */ = {
			isa = PBXGroup;
			children = (
				07B440522B40A5EE00F37D85 /* BasicAnimationsVC.swift */,
				07583DC22B4D557A00A9F968 /* ViewComponents */,
				07583DC82B4D588600A9F968 /* Extensions */,
			);
			path = BasicAnimations;
			sourceTree = "<group>";
		};
		07B440542B40AA4800F37D85 /* App Coordinator */ = {
			isa = PBXGroup;
			children = (
				07E58B852B3DB4710041BEF3 /* AppCoordinator.swift */,
				07B440552B40AA5700F37D85 /* Extension */,
			);
			path = "App Coordinator";
			sourceTree = "<group>";
		};
		07B440552B40AA5700F37D85 /* Extension */ = {
			isa = PBXGroup;
			children = (
				07B440562B40AA6F00F37D85 /* AppCoordinator+NavbarStyle.swift */,
				07B440582B40AA9600F37D85 /* AppCoordinator+Navigation.swift */,
			);
			path = Extension;
			sourceTree = "<group>";
		};
		07E58B5E2B3DA9D10041BEF3 = {
			isa = PBXGroup;
			children = (
				07E58B692B3DA9D10041BEF3 /* Animation Examples */,
				07E58B682B3DA9D10041BEF3 /* Products */,
			);
			sourceTree = "<group>";
		};
		07E58B682B3DA9D10041BEF3 /* Products */ = {
			isa = PBXGroup;
			children = (
				07E58B672B3DA9D10041BEF3 /* Animation Examples.app */,
			);
			name = Products;
			sourceTree = "<group>";
		};
		07E58B692B3DA9D10041BEF3 /* Animation Examples */ = {
			isa = PBXGroup;
			children = (
				07E58B7E2B3DAC980041BEF3 /* App */,
				071312552B488F06009246F6 /* Service */,
				07366A542B46FFA700A749E9 /* Utils */,
				071312522B4870CD009246F6 /* Model */,
				07E58B872B3DB6580041BEF3 /* ViewComponents */,
				07E58B7F2B3DACA50041BEF3 /* VControllers */,
				07E58B732B3DA9D50041BEF3 /* Assets.xcassets */,
				07E58B782B3DA9D50041BEF3 /* Info.plist */,
				07E58B802B3DACBB0041BEF3 /* Storyboards */,
			);
			path = "Animation Examples";
			sourceTree = "<group>";
		};
		07E58B7E2B3DAC980041BEF3 /* App */ = {
			isa = PBXGroup;
			children = (
				07E58B6A2B3DA9D10041BEF3 /* AppDelegate.swift */,
				07E58B6C2B3DA9D10041BEF3 /* SceneDelegate.swift */,
				07B440542B40AA4800F37D85 /* App Coordinator */,
			);
			path = App;
			sourceTree = "<group>";
		};
		07E58B7F2B3DACA50041BEF3 /* VControllers */ = {
			isa = PBXGroup;
			children = (
				07E58B812B3DB3A30041BEF3 /* Root */,
				07B440512B40A5DB00F37D85 /* BasicAnimations */,
			);
			path = VControllers;
			sourceTree = "<group>";
		};
		07E58B802B3DACBB0041BEF3 /* Storyboards */ = {
			isa = PBXGroup;
			children = (
				07E58B752B3DA9D50041BEF3 /* LaunchScreen.storyboard */,
			);
			path = Storyboards;
			sourceTree = "<group>";
		};
		07E58B812B3DB3A30041BEF3 /* Root */ = {
			isa = PBXGroup;
			children = (
				07E58B6E2B3DA9D10041BEF3 /* RootViewController.swift */,
				07E58B8B2B3DB9910041BEF3 /* ViewComponents */,
				07E58B822B3DB3AD0041BEF3 /* Extension */,
			);
			path = Root;
			sourceTree = "<group>";
		};
		07E58B822B3DB3AD0041BEF3 /* Extension */ = {
			isa = PBXGroup;
			children = (
				07E58B832B3DB3C80041BEF3 /* RootViewController+TableView.swift */,
			);
			path = Extension;
			sourceTree = "<group>";
		};
		07E58B872B3DB6580041BEF3 /* ViewComponents */ = {
			isa = PBXGroup;
			children = (
				07366A5B2B47015A00A749E9 /* SplashAnimationView.swift */,
				07E58B892B3DB69C0041BEF3 /* RootVCTableViewCells.swift */,
				07583DC62B4D564C00A9F968 /* AnimationTableViewCell.swift */,
				0768C7A62B4C33D500AD0120 /* MyNavigationController */,
				07583DD02B4D64FE00A9F968 /* AnimationViews */,
			);
			path = ViewComponents;
			sourceTree = "<group>";
		};
		07E58B8B2B3DB9910041BEF3 /* ViewComponents */ = {
			isa = PBXGroup;
			children = (
				07E58B8C2B3DB9AF0041BEF3 /* RootVCViewComponents.swift */,
			);
			path = ViewComponents;
			sourceTree = "<group>";
		};
/* End PBXGroup section */

/* Begin PBXNativeTarget section */
		07E58B662B3DA9D10041BEF3 /* Animation Examples */ = {
			isa = PBXNativeTarget;
			buildConfigurationList = 07E58B7B2B3DA9D50041BEF3 /* Build configuration list for PBXNativeTarget "Animation Examples" */;
			buildPhases = (
				07E58B632B3DA9D10041BEF3 /* Sources */,
				07E58B642B3DA9D10041BEF3 /* Frameworks */,
				07E58B652B3DA9D10041BEF3 /* Resources */,
			);
			buildRules = (
			);
			dependencies = (
			);
			name = "Animation Examples";
			productName = "Animation Examples";
			productReference = 07E58B672B3DA9D10041BEF3 /* Animation Examples.app */;
			productType = "com.apple.product-type.application";
		};
/* End PBXNativeTarget section */

/* Begin PBXProject section */
		07E58B5F2B3DA9D10041BEF3 /* Project object */ = {
			isa = PBXProject;
			attributes = {
				BuildIndependentTargetsInParallel = 1;
				LastSwiftUpdateCheck = 1430;
				LastUpgradeCheck = 1430;
				TargetAttributes = {
					07E58B662B3DA9D10041BEF3 = {
						CreatedOnToolsVersion = 14.3.1;
					};
				};
			};
			buildConfigurationList = 07E58B622B3DA9D10041BEF3 /* Build configuration list for PBXProject "Animation Examples" */;
			compatibilityVersion = "Xcode 14.0";
			developmentRegion = en;
			hasScannedForEncodings = 0;
			knownRegions = (
				en,
				Base,
			);
			mainGroup = 07E58B5E2B3DA9D10041BEF3;
			productRefGroup = 07E58B682B3DA9D10041BEF3 /* Products */;
			projectDirPath = "";
			projectRoot = "";
			targets = (
				07E58B662B3DA9D10041BEF3 /* Animation Examples */,
			);
		};
/* End PBXProject section */

/* Begin PBXResourcesBuildPhase section */
		07E58B652B3DA9D10041BEF3 /* Resources */ = {
			isa = PBXResourcesBuildPhase;
			buildActionMask = 2147483647;
			files = (
				07366A5D2B4711C900A749E9 /* Odachi.otf in Resources */,
				07E58B772B3DA9D50041BEF3 /* LaunchScreen.storyboard in Resources */,
				07E58B742B3DA9D50041BEF3 /* Assets.xcassets in Resources */,
			);
			runOnlyForDeploymentPostprocessing = 0;
		};
/* End PBXResourcesBuildPhase section */

/* Begin PBXSourcesBuildPhase section */
		07E58B632B3DA9D10041BEF3 /* Sources */ = {
			isa = PBXSourcesBuildPhase;
			buildActionMask = 2147483647;
			files = (
				07583DD72B4D821200A9F968 /* UIStyle.swift in Sources */,
				07E58B6F2B3DA9D10041BEF3 /* RootViewController.swift in Sources */,
				07366A5F2B47175200A749E9 /* GConstants.swift in Sources */,
				07E58B6B2B3DA9D10041BEF3 /* AppDelegate.swift in Sources */,
				07366A592B47004300A749E9 /* Fonts.swift in Sources */,
				07E58B862B3DB4710041BEF3 /* AppCoordinator.swift in Sources */,
				0768C7AB2B4C349C00AD0120 /* MyNavigationController+Presence.swift in Sources */,
				071312592B488F33009246F6 /* Calculator.swift in Sources */,
				071312542B4870EA009246F6 /* AnimationVC.swift in Sources */,
				07583DCA2B4D589500A9F968 /* BasicAnimationsVC+TableView.swift in Sources */,
				0768C7A92B4C343D00AD0120 /* MyNavigationController+Style.swift in Sources */,
				07366A5C2B47015A00A749E9 /* SplashAnimationView.swift in Sources */,
				07E58B842B3DB3C80041BEF3 /* RootViewController+TableView.swift in Sources */,
				07A7F5322B51B54E00F721ED /* BasicAnimationView.swift in Sources */,
				0713125F2B4891E0009246F6 /* GConstants+Animations.swift in Sources */,
				07E58B8A2B3DB69C0041BEF3 /* RootVCTableViewCells.swift in Sources */,
				079599B42B5308E6008BEF20 /* BAVMultipleSequences+AnimateColor.swift in Sources */,
				07B440532B40A5EE00F37D85 /* BasicAnimationsVC.swift in Sources */,
				07E58B6D2B3DA9D10041BEF3 /* SceneDelegate.swift in Sources */,
				079599B62B530A52008BEF20 /* BAVMultipleSequences+AnimateCombined1.swift in Sources */,
				071312572B488F17009246F6 /* Service.swift in Sources */,
				071312612B4891F7009246F6 /* GConstnats+HIG.swift in Sources */,
				07A7F5342B51D47900F721ED /* BAVSingleSequence.swift in Sources */,
				079599B02B53033D008BEF20 /* BAVMultipleSequences+AnimateSize.swift in Sources */,
				079599AC2B52F348008BEF20 /* BAVMultipleSequences+AnimatePosition.swift in Sources */,
				07B440592B40AA9600F37D85 /* AppCoordinator+Navigation.swift in Sources */,
				07E58B8D2B3DB9AF0041BEF3 /* RootVCViewComponents.swift in Sources */,
				07B440572B40AA6F00F37D85 /* AppCoordinator+NavbarStyle.swift in Sources */,
				07583DC42B4D559800A9F968 /* BasicAnimationsViewComponents.swift in Sources */,
				079599AE2B52F36B008BEF20 /* BAVMultipleSequences+AnimateAlpha.swift in Sources */,
				07583DC72B4D564C00A9F968 /* AnimationTableViewCell.swift in Sources */,
				0768C7A52B4C312400AD0120 /* MyNavigationController.swift in Sources */,
				079599A92B52EAD7008BEF20 /* BAVMultipleSequences.swift in Sources */,
				07583DCE2B4D614800A9F968 /* AnimationView.swift in Sources */,
				07583DD52B4D688000A9F968 /* SquareHero.swift in Sources */,
				079599B22B5303F3008BEF20 /* BAVMultipleSequences+AnimateRotation.swift in Sources */,
				07E58B902B3DBA5A0041BEF3 /* BaseViewComponents.swift in Sources */,
			);
			runOnlyForDeploymentPostprocessing = 0;
		};
/* End PBXSourcesBuildPhase section */

/* Begin PBXVariantGroup section */
		07E58B752B3DA9D50041BEF3 /* LaunchScreen.storyboard */ = {
			isa = PBXVariantGroup;
			children = (
				07E58B762B3DA9D50041BEF3 /* Base */,
			);
			name = LaunchScreen.storyboard;
			sourceTree = "<group>";
		};
/* End PBXVariantGroup section */

/* Begin XCBuildConfiguration section */
		07E58B792B3DA9D50041BEF3 /* Debug */ = {
			isa = XCBuildConfiguration;
			buildSettings = {
				ALWAYS_SEARCH_USER_PATHS = NO;
				CLANG_ANALYZER_NONNULL = YES;
				CLANG_ANALYZER_NUMBER_OBJECT_CONVERSION = YES_AGGRESSIVE;
				CLANG_CXX_LANGUAGE_STANDARD = "gnu++20";
				CLANG_ENABLE_MODULES = YES;
				CLANG_ENABLE_OBJC_ARC = YES;
				CLANG_ENABLE_OBJC_WEAK = YES;
				CLANG_WARN_BLOCK_CAPTURE_AUTORELEASING = YES;
				CLANG_WARN_BOOL_CONVERSION = YES;
				CLANG_WARN_COMMA = YES;
				CLANG_WARN_CONSTANT_CONVERSION = YES;
				CLANG_WARN_DEPRECATED_OBJC_IMPLEMENTATIONS = YES;
				CLANG_WARN_DIRECT_OBJC_ISA_USAGE = YES_ERROR;
				CLANG_WARN_DOCUMENTATION_COMMENTS = YES;
				CLANG_WARN_EMPTY_BODY = YES;
				CLANG_WARN_ENUM_CONVERSION = YES;
				CLANG_WARN_INFINITE_RECURSION = YES;
				CLANG_WARN_INT_CONVERSION = YES;
				CLANG_WARN_NON_LITERAL_NULL_CONVERSION = YES;
				CLANG_WARN_OBJC_IMPLICIT_RETAIN_SELF = YES;
				CLANG_WARN_OBJC_LITERAL_CONVERSION = YES;
				CLANG_WARN_OBJC_ROOT_CLASS = YES_ERROR;
				CLANG_WARN_QUOTED_INCLUDE_IN_FRAMEWORK_HEADER = YES;
				CLANG_WARN_RANGE_LOOP_ANALYSIS = YES;
				CLANG_WARN_STRICT_PROTOTYPES = YES;
				CLANG_WARN_SUSPICIOUS_MOVE = YES;
				CLANG_WARN_UNGUARDED_AVAILABILITY = YES_AGGRESSIVE;
				CLANG_WARN_UNREACHABLE_CODE = YES;
				CLANG_WARN__DUPLICATE_METHOD_MATCH = YES;
				COPY_PHASE_STRIP = NO;
				DEBUG_INFORMATION_FORMAT = dwarf;
				ENABLE_STRICT_OBJC_MSGSEND = YES;
				ENABLE_TESTABILITY = YES;
				GCC_C_LANGUAGE_STANDARD = gnu11;
				GCC_DYNAMIC_NO_PIC = NO;
				GCC_NO_COMMON_BLOCKS = YES;
				GCC_OPTIMIZATION_LEVEL = 0;
				GCC_PREPROCESSOR_DEFINITIONS = (
					"DEBUG=1",
					"$(inherited)",
				);
				GCC_WARN_64_TO_32_BIT_CONVERSION = YES;
				GCC_WARN_ABOUT_RETURN_TYPE = YES_ERROR;
				GCC_WARN_UNDECLARED_SELECTOR = YES;
				GCC_WARN_UNINITIALIZED_AUTOS = YES_AGGRESSIVE;
				GCC_WARN_UNUSED_FUNCTION = YES;
				GCC_WARN_UNUSED_VARIABLE = YES;
				IPHONEOS_DEPLOYMENT_TARGET = 16.4;
				MTL_ENABLE_DEBUG_INFO = INCLUDE_SOURCE;
				MTL_FAST_MATH = YES;
				ONLY_ACTIVE_ARCH = YES;
				SDKROOT = iphoneos;
				SWIFT_ACTIVE_COMPILATION_CONDITIONS = DEBUG;
				SWIFT_OPTIMIZATION_LEVEL = "-Onone";
			};
			name = Debug;
		};
		07E58B7A2B3DA9D50041BEF3 /* Release */ = {
			isa = XCBuildConfiguration;
			buildSettings = {
				ALWAYS_SEARCH_USER_PATHS = NO;
				CLANG_ANALYZER_NONNULL = YES;
				CLANG_ANALYZER_NUMBER_OBJECT_CONVERSION = YES_AGGRESSIVE;
				CLANG_CXX_LANGUAGE_STANDARD = "gnu++20";
				CLANG_ENABLE_MODULES = YES;
				CLANG_ENABLE_OBJC_ARC = YES;
				CLANG_ENABLE_OBJC_WEAK = YES;
				CLANG_WARN_BLOCK_CAPTURE_AUTORELEASING = YES;
				CLANG_WARN_BOOL_CONVERSION = YES;
				CLANG_WARN_COMMA = YES;
				CLANG_WARN_CONSTANT_CONVERSION = YES;
				CLANG_WARN_DEPRECATED_OBJC_IMPLEMENTATIONS = YES;
				CLANG_WARN_DIRECT_OBJC_ISA_USAGE = YES_ERROR;
				CLANG_WARN_DOCUMENTATION_COMMENTS = YES;
				CLANG_WARN_EMPTY_BODY = YES;
				CLANG_WARN_ENUM_CONVERSION = YES;
				CLANG_WARN_INFINITE_RECURSION = YES;
				CLANG_WARN_INT_CONVERSION = YES;
				CLANG_WARN_NON_LITERAL_NULL_CONVERSION = YES;
				CLANG_WARN_OBJC_IMPLICIT_RETAIN_SELF = YES;
				CLANG_WARN_OBJC_LITERAL_CONVERSION = YES;
				CLANG_WARN_OBJC_ROOT_CLASS = YES_ERROR;
				CLANG_WARN_QUOTED_INCLUDE_IN_FRAMEWORK_HEADER = YES;
				CLANG_WARN_RANGE_LOOP_ANALYSIS = YES;
				CLANG_WARN_STRICT_PROTOTYPES = YES;
				CLANG_WARN_SUSPICIOUS_MOVE = YES;
				CLANG_WARN_UNGUARDED_AVAILABILITY = YES_AGGRESSIVE;
				CLANG_WARN_UNREACHABLE_CODE = YES;
				CLANG_WARN__DUPLICATE_METHOD_MATCH = YES;
				COPY_PHASE_STRIP = NO;
				DEBUG_INFORMATION_FORMAT = "dwarf-with-dsym";
				ENABLE_NS_ASSERTIONS = NO;
				ENABLE_STRICT_OBJC_MSGSEND = YES;
				GCC_C_LANGUAGE_STANDARD = gnu11;
				GCC_NO_COMMON_BLOCKS = YES;
				GCC_WARN_64_TO_32_BIT_CONVERSION = YES;
				GCC_WARN_ABOUT_RETURN_TYPE = YES_ERROR;
				GCC_WARN_UNDECLARED_SELECTOR = YES;
				GCC_WARN_UNINITIALIZED_AUTOS = YES_AGGRESSIVE;
				GCC_WARN_UNUSED_FUNCTION = YES;
				GCC_WARN_UNUSED_VARIABLE = YES;
				IPHONEOS_DEPLOYMENT_TARGET = 16.4;
				MTL_ENABLE_DEBUG_INFO = NO;
				MTL_FAST_MATH = YES;
				SDKROOT = iphoneos;
				SWIFT_COMPILATION_MODE = wholemodule;
				SWIFT_OPTIMIZATION_LEVEL = "-O";
				VALIDATE_PRODUCT = YES;
			};
			name = Release;
		};
		07E58B7C2B3DA9D50041BEF3 /* Debug */ = {
			isa = XCBuildConfiguration;
			buildSettings = {
				ASSETCATALOG_COMPILER_APPICON_NAME = AppIcon;
				ASSETCATALOG_COMPILER_GLOBAL_ACCENT_COLOR_NAME = AccentColor;
				CODE_SIGN_STYLE = Automatic;
				CURRENT_PROJECT_VERSION = 1;
				DEVELOPMENT_TEAM = J2YJ6QP79J;
				GENERATE_INFOPLIST_FILE = YES;
				INFOPLIST_FILE = "Animation Examples/Info.plist";
				INFOPLIST_KEY_UIApplicationSupportsIndirectInputEvents = YES;
				INFOPLIST_KEY_UILaunchStoryboardName = LaunchScreen;
				INFOPLIST_KEY_UISupportedInterfaceOrientations = UIInterfaceOrientationPortrait;
				INFOPLIST_KEY_UISupportedInterfaceOrientations_iPad = "UIInterfaceOrientationLandscapeLeft UIInterfaceOrientationLandscapeRight UIInterfaceOrientationPortrait UIInterfaceOrientationPortraitUpsideDown";
				IPHONEOS_DEPLOYMENT_TARGET = 15.0;
				LD_RUNPATH_SEARCH_PATHS = (
					"$(inherited)",
					"@executable_path/Frameworks",
				);
				MARKETING_VERSION = 1.0;
				PRODUCT_BUNDLE_IDENTIFIER = "com.ezpzbaby.Animation-Examples";
				PRODUCT_NAME = "$(TARGET_NAME)";
				SUPPORTED_PLATFORMS = "iphoneos iphonesimulator";
				SUPPORTS_MACCATALYST = NO;
				SUPPORTS_MAC_DESIGNED_FOR_IPHONE_IPAD = NO;
				SWIFT_EMIT_LOC_STRINGS = YES;
				SWIFT_VERSION = 5.0;
				TARGETED_DEVICE_FAMILY = 1;
			};
			name = Debug;
		};
		07E58B7D2B3DA9D50041BEF3 /* Release */ = {
			isa = XCBuildConfiguration;
			buildSettings = {
				ASSETCATALOG_COMPILER_APPICON_NAME = AppIcon;
				ASSETCATALOG_COMPILER_GLOBAL_ACCENT_COLOR_NAME = AccentColor;
				CODE_SIGN_STYLE = Automatic;
				CURRENT_PROJECT_VERSION = 1;
				DEVELOPMENT_TEAM = J2YJ6QP79J;
				GENERATE_INFOPLIST_FILE = YES;
				INFOPLIST_FILE = "Animation Examples/Info.plist";
				INFOPLIST_KEY_UIApplicationSupportsIndirectInputEvents = YES;
				INFOPLIST_KEY_UILaunchStoryboardName = LaunchScreen;
				INFOPLIST_KEY_UISupportedInterfaceOrientations = UIInterfaceOrientationPortrait;
				INFOPLIST_KEY_UISupportedInterfaceOrientations_iPad = "UIInterfaceOrientationLandscapeLeft UIInterfaceOrientationLandscapeRight UIInterfaceOrientationPortrait UIInterfaceOrientationPortraitUpsideDown";
				IPHONEOS_DEPLOYMENT_TARGET = 15.0;
				LD_RUNPATH_SEARCH_PATHS = (
					"$(inherited)",
					"@executable_path/Frameworks",
				);
				MARKETING_VERSION = 1.0;
				PRODUCT_BUNDLE_IDENTIFIER = "com.ezpzbaby.Animation-Examples";
				PRODUCT_NAME = "$(TARGET_NAME)";
				SUPPORTED_PLATFORMS = "iphoneos iphonesimulator";
				SUPPORTS_MACCATALYST = NO;
				SUPPORTS_MAC_DESIGNED_FOR_IPHONE_IPAD = NO;
				SWIFT_EMIT_LOC_STRINGS = YES;
				SWIFT_VERSION = 5.0;
				TARGETED_DEVICE_FAMILY = 1;
			};
			name = Release;
		};
/* End XCBuildConfiguration section */

/* Begin XCConfigurationList section */
		07E58B622B3DA9D10041BEF3 /* Build configuration list for PBXProject "Animation Examples" */ = {
			isa = XCConfigurationList;
			buildConfigurations = (
				07E58B792B3DA9D50041BEF3 /* Debug */,
				07E58B7A2B3DA9D50041BEF3 /* Release */,
			);
			defaultConfigurationIsVisible = 0;
			defaultConfigurationName = Release;
		};
		07E58B7B2B3DA9D50041BEF3 /* Build configuration list for PBXNativeTarget "Animation Examples" */ = {
			isa = XCConfigurationList;
			buildConfigurations = (
				07E58B7C2B3DA9D50041BEF3 /* Debug */,
				07E58B7D2B3DA9D50041BEF3 /* Release */,
			);
			defaultConfigurationIsVisible = 0;
			defaultConfigurationName = Release;
		};
/* End XCConfigurationList section */
	};
	rootObject = 07E58B5F2B3DA9D10041BEF3 /* Project object */;
}
